// !$*UTF8*$!
{
	archiveVersion = 1;
	classes = {
	};
	objectVersion = 56;
	objects = {

/* Begin PBXBuildFile section */
		183D421A2C314A7800D940F4 /* AppDelegate.swift in Sources */ = {isa = PBXBuildFile; fileRef = 183D42192C314A7800D940F4 /* AppDelegate.swift */; };
		183D421C2C314A7800D940F4 /* SceneDelegate.swift in Sources */ = {isa = PBXBuildFile; fileRef = 183D421B2C314A7800D940F4 /* SceneDelegate.swift */; };
		183D421E2C314A7800D940F4 /* HomeViewController.swift in Sources */ = {isa = PBXBuildFile; fileRef = 183D421D2C314A7800D940F4 /* HomeViewController.swift */; };
		183D42212C314A7800D940F4 /* Base in Resources */ = {isa = PBXBuildFile; fileRef = 183D42202C314A7800D940F4 /* Base */; };
		183D42232C314A7B00D940F4 /* Assets.xcassets in Resources */ = {isa = PBXBuildFile; fileRef = 183D42222C314A7B00D940F4 /* Assets.xcassets */; };
		183D42262C314A7B00D940F4 /* Base in Resources */ = {isa = PBXBuildFile; fileRef = 183D42252C314A7B00D940F4 /* Base */; };
		183D423B2C31632F00D940F4 /* Photo.swift in Sources */ = {isa = PBXBuildFile; fileRef = 183D423A2C31632F00D940F4 /* Photo.swift */; };
		183D42412C3166F100D940F4 /* Alamofire in Frameworks */ = {isa = PBXBuildFile; productRef = 183D42402C3166F100D940F4 /* Alamofire */; };
		183D42432C3166F100D940F4 /* AlamofireDynamic in Frameworks */ = {isa = PBXBuildFile; productRef = 183D42422C3166F100D940F4 /* AlamofireDynamic */; };
		183D42462C31670800D940F4 /* SDWebImage in Frameworks */ = {isa = PBXBuildFile; productRef = 183D42452C31670800D940F4 /* SDWebImage */; };
		183D42482C31670800D940F4 /* SDWebImageMapKit in Frameworks */ = {isa = PBXBuildFile; productRef = 183D42472C31670800D940F4 /* SDWebImageMapKit */; };
/* End PBXBuildFile section */

/* Begin PBXFileReference section */
		183D42162C314A7800D940F4 /* PicsumPhotos.app */ = {isa = PBXFileReference; explicitFileType = wrapper.application; includeInIndex = 0; path = PicsumPhotos.app; sourceTree = BUILT_PRODUCTS_DIR; };
		183D42192C314A7800D940F4 /* AppDelegate.swift */ = {isa = PBXFileReference; lastKnownFileType = sourcecode.swift; path = AppDelegate.swift; sourceTree = "<group>"; };
		183D421B2C314A7800D940F4 /* SceneDelegate.swift */ = {isa = PBXFileReference; lastKnownFileType = sourcecode.swift; path = SceneDelegate.swift; sourceTree = "<group>"; };
		183D421D2C314A7800D940F4 /* HomeViewController.swift */ = {isa = PBXFileReference; lastKnownFileType = sourcecode.swift; path = HomeViewController.swift; sourceTree = "<group>"; };
		183D42202C314A7800D940F4 /* Base */ = {isa = PBXFileReference; lastKnownFileType = file.storyboard; name = Base; path = Base.lproj/Main.storyboard; sourceTree = "<group>"; };
		183D42222C314A7B00D940F4 /* Assets.xcassets */ = {isa = PBXFileReference; lastKnownFileType = folder.assetcatalog; path = Assets.xcassets; sourceTree = "<group>"; };
		183D42252C314A7B00D940F4 /* Base */ = {isa = PBXFileReference; lastKnownFileType = file.storyboard; name = Base; path = Base.lproj/LaunchScreen.storyboard; sourceTree = "<group>"; };
		183D42272C314A7B00D940F4 /* Info.plist */ = {isa = PBXFileReference; lastKnownFileType = text.plist.xml; path = Info.plist; sourceTree = "<group>"; };
		183D423A2C31632F00D940F4 /* Photo.swift */ = {isa = PBXFileReference; lastKnownFileType = sourcecode.swift; path = Photo.swift; sourceTree = "<group>"; };
/* End PBXFileReference section */

/* Begin PBXFrameworksBuildPhase section */
		183D42132C314A7800D940F4 /* Frameworks */ = {
			isa = PBXFrameworksBuildPhase;
			buildActionMask = 2147483647;
			files = (
				183D42462C31670800D940F4 /* SDWebImage in Frameworks */,
				183D42412C3166F100D940F4 /* Alamofire in Frameworks */,
				183D42482C31670800D940F4 /* SDWebImageMapKit in Frameworks */,
				183D42432C3166F100D940F4 /* AlamofireDynamic in Frameworks */,
			);
			runOnlyForDeploymentPostprocessing = 0;
		};
/* End PBXFrameworksBuildPhase section */

/* Begin PBXGroup section */
		183D420D2C314A7800D940F4 = {
			isa = PBXGroup;
			children = (
				183D42182C314A7800D940F4 /* PicsumPhotos */,
				183D42172C314A7800D940F4 /* Products */,
			);
			sourceTree = "<group>";
		};
		183D42172C314A7800D940F4 /* Products */ = {
			isa = PBXGroup;
			children = (
				183D42162C314A7800D940F4 /* PicsumPhotos.app */,
			);
			name = Products;
			sourceTree = "<group>";
		};
		183D42182C314A7800D940F4 /* PicsumPhotos */ = {
			isa = PBXGroup;
			children = (
				183D42392C31632400D940F4 /* Model */,
				183D42382C315EFE00D940F4 /* Common */,
				183D42372C315EE000D940F4 /* Controller */,
				183D421F2C314A7800D940F4 /* Main.storyboard */,
				183D42222C314A7B00D940F4 /* Assets.xcassets */,
				183D42242C314A7B00D940F4 /* LaunchScreen.storyboard */,
				183D42272C314A7B00D940F4 /* Info.plist */,
			);
			path = PicsumPhotos;
			sourceTree = "<group>";
		};
		183D42372C315EE000D940F4 /* Controller */ = {
			isa = PBXGroup;
			children = (
				183D421D2C314A7800D940F4 /* HomeViewController.swift */,
			);
			path = Controller;
			sourceTree = "<group>";
		};
		183D42382C315EFE00D940F4 /* Common */ = {
			isa = PBXGroup;
			children = (
				183D42192C314A7800D940F4 /* AppDelegate.swift */,
				183D421B2C314A7800D940F4 /* SceneDelegate.swift */,
			);
			path = Common;
			sourceTree = "<group>";
		};
		183D42392C31632400D940F4 /* Model */ = {
			isa = PBXGroup;
			children = (
				183D423A2C31632F00D940F4 /* Photo.swift */,
			);
			path = Model;
			sourceTree = "<group>";
		};
/* End PBXGroup section */

/* Begin PBXNativeTarget section */
		183D42152C314A7800D940F4 /* PicsumPhotos */ = {
			isa = PBXNativeTarget;
			buildConfigurationList = 183D422A2C314A7B00D940F4 /* Build configuration list for PBXNativeTarget "PicsumPhotos" */;
			buildPhases = (
				183D42122C314A7800D940F4 /* Sources */,
				183D42132C314A7800D940F4 /* Frameworks */,
				183D42142C314A7800D940F4 /* Resources */,
			);
			buildRules = (
			);
			dependencies = (
			);
			name = PicsumPhotos;
			packageProductDependencies = (
				183D42402C3166F100D940F4 /* Alamofire */,
				183D42422C3166F100D940F4 /* AlamofireDynamic */,
				183D42452C31670800D940F4 /* SDWebImage */,
				183D42472C31670800D940F4 /* SDWebImageMapKit */,
			);
			productName = PicsumPhotos;
			productReference = 183D42162C314A7800D940F4 /* PicsumPhotos.app */;
			productType = "com.apple.product-type.application";
		};
/* End PBXNativeTarget section */

/* Begin PBXProject section */
		183D420E2C314A7800D940F4 /* Project object */ = {
			isa = PBXProject;
			attributes = {
				BuildIndependentTargetsInParallel = 1;
				LastSwiftUpdateCheck = 1540;
				LastUpgradeCheck = 1540;
				TargetAttributes = {
					183D42152C314A7800D940F4 = {
						CreatedOnToolsVersion = 15.4;
					};
				};
			};
			buildConfigurationList = 183D42112C314A7800D940F4 /* Build configuration list for PBXProject "PicsumPhotos" */;
			compatibilityVersion = "Xcode 14.0";
			developmentRegion = en;
			hasScannedForEncodings = 0;
			knownRegions = (
				en,
				Base,
			);
			mainGroup = 183D420D2C314A7800D940F4;
			packageReferences = (
				183D423F2C3166F100D940F4 /* XCRemoteSwiftPackageReference "Alamofire" */,
				183D42442C31670800D940F4 /* XCRemoteSwiftPackageReference "SDWebImage" */,
			);
			productRefGroup = 183D42172C314A7800D940F4 /* Products */;
			projectDirPath = "";
			projectRoot = "";
			targets = (
				183D42152C314A7800D940F4 /* PicsumPhotos */,
			);
		};
/* End PBXProject section */

/* Begin PBXResourcesBuildPhase section */
		183D42142C314A7800D940F4 /* Resources */ = {
			isa = PBXResourcesBuildPhase;
			buildActionMask = 2147483647;
			files = (
				183D42232C314A7B00D940F4 /* Assets.xcassets in Resources */,
				183D42262C314A7B00D940F4 /* Base in Resources */,
				183D42212C314A7800D940F4 /* Base in Resources */,
			);
			runOnlyForDeploymentPostprocessing = 0;
		};
/* End PBXResourcesBuildPhase section */

/* Begin PBXSourcesBuildPhase section */
		183D42122C314A7800D940F4 /* Sources */ = {
			isa = PBXSourcesBuildPhase;
			buildActionMask = 2147483647;
			files = (
				183D423B2C31632F00D940F4 /* Photo.swift in Sources */,
				183D421E2C314A7800D940F4 /* HomeViewController.swift in Sources */,
				183D421A2C314A7800D940F4 /* AppDelegate.swift in Sources */,
				183D421C2C314A7800D940F4 /* SceneDelegate.swift in Sources */,
			);
			runOnlyForDeploymentPostprocessing = 0;
		};
/* End PBXSourcesBuildPhase section */

/* Begin PBXVariantGroup section */
		183D421F2C314A7800D940F4 /* Main.storyboard */ = {
			isa = PBXVariantGroup;
			children = (
				183D42202C314A7800D940F4 /* Base */,
			);
			name = Main.storyboard;
			sourceTree = "<group>";
		};
		183D42242C314A7B00D940F4 /* LaunchScreen.storyboard */ = {
			isa = PBXVariantGroup;
			children = (
				183D42252C314A7B00D940F4 /* Base */,
			);
			name = LaunchScreen.storyboard;
			sourceTree = "<group>";
		};
/* End PBXVariantGroup section */

/* Begin XCBuildConfiguration section */
		183D42282C314A7B00D940F4 /* Debug */ = {
			isa = XCBuildConfiguration;
			buildSettings = {
				ALWAYS_SEARCH_USER_PATHS = NO;
				ASSETCATALOG_COMPILER_GENERATE_SWIFT_ASSET_SYMBOL_EXTENSIONS = YES;
				CLANG_ANALYZER_NONNULL = YES;
				CLANG_ANALYZER_NUMBER_OBJECT_CONVERSION = YES_AGGRESSIVE;
				CLANG_CXX_LANGUAGE_STANDARD = "gnu++20";
				CLANG_ENABLE_MODULES = YES;
				CLANG_ENABLE_OBJC_ARC = YES;
				CLANG_ENABLE_OBJC_WEAK = YES;
				CLANG_WARN_BLOCK_CAPTURE_AUTORELEASING = YES;
				CLANG_WARN_BOOL_CONVERSION = YES;
				CLANG_WARN_COMMA = YES;
				CLANG_WARN_CONSTANT_CONVERSION = YES;
				CLANG_WARN_DEPRECATED_OBJC_IMPLEMENTATIONS = YES;
				CLANG_WARN_DIRECT_OBJC_ISA_USAGE = YES_ERROR;
				CLANG_WARN_DOCUMENTATION_COMMENTS = YES;
				CLANG_WARN_EMPTY_BODY = YES;
				CLANG_WARN_ENUM_CONVERSION = YES;
				CLANG_WARN_INFINITE_RECURSION = YES;
				CLANG_WARN_INT_CONVERSION = YES;
				CLANG_WARN_NON_LITERAL_NULL_CONVERSION = YES;
				CLANG_WARN_OBJC_IMPLICIT_RETAIN_SELF = YES;
				CLANG_WARN_OBJC_LITERAL_CONVERSION = YES;
				CLANG_WARN_OBJC_ROOT_CLASS = YES_ERROR;
				CLANG_WARN_QUOTED_INCLUDE_IN_FRAMEWORK_HEADER = YES;
				CLANG_WARN_RANGE_LOOP_ANALYSIS = YES;
				CLANG_WARN_STRICT_PROTOTYPES = YES;
				CLANG_WARN_SUSPICIOUS_MOVE = YES;
				CLANG_WARN_UNGUARDED_AVAILABILITY = YES_AGGRESSIVE;
				CLANG_WARN_UNREACHABLE_CODE = YES;
				CLANG_WARN__DUPLICATE_METHOD_MATCH = YES;
				COPY_PHASE_STRIP = NO;
				DEBUG_INFORMATION_FORMAT = dwarf;
				ENABLE_STRICT_OBJC_MSGSEND = YES;
				ENABLE_TESTABILITY = YES;
				ENABLE_USER_SCRIPT_SANDBOXING = YES;
				GCC_C_LANGUAGE_STANDARD = gnu17;
				GCC_DYNAMIC_NO_PIC = NO;
				GCC_NO_COMMON_BLOCKS = YES;
				GCC_OPTIMIZATION_LEVEL = 0;
				GCC_PREPROCESSOR_DEFINITIONS = (
					"DEBUG=1",
					"$(inherited)",
				);
				GCC_WARN_64_TO_32_BIT_CONVERSION = YES;
				GCC_WARN_ABOUT_RETURN_TYPE = YES_ERROR;
				GCC_WARN_UNDECLARED_SELECTOR = YES;
				GCC_WARN_UNINITIALIZED_AUTOS = YES_AGGRESSIVE;
				GCC_WARN_UNUSED_FUNCTION = YES;
				GCC_WARN_UNUSED_VARIABLE = YES;
				IPHONEOS_DEPLOYMENT_TARGET = 17.5;
				LOCALIZATION_PREFERS_STRING_CATALOGS = YES;
				MTL_ENABLE_DEBUG_INFO = INCLUDE_SOURCE;
				MTL_FAST_MATH = YES;
				ONLY_ACTIVE_ARCH = YES;
				SDKROOT = iphoneos;
				SWIFT_ACTIVE_COMPILATION_CONDITIONS = "DEBUG $(inherited)";
				SWIFT_OPTIMIZATION_LEVEL = "-Onone";
			};
			name = Debug;
		};
		183D42292C314A7B00D940F4 /* Release */ = {
			isa = XCBuildConfiguration;
			buildSettings = {
				ALWAYS_SEARCH_USER_PATHS = NO;
				ASSETCATALOG_COMPILER_GENERATE_SWIFT_ASSET_SYMBOL_EXTENSIONS = YES;
				CLANG_ANALYZER_NONNULL = YES;
				CLANG_ANALYZER_NUMBER_OBJECT_CONVERSION = YES_AGGRESSIVE;
				CLANG_CXX_LANGUAGE_STANDARD = "gnu++20";
				CLANG_ENABLE_MODULES = YES;
				CLANG_ENABLE_OBJC_ARC = YES;
				CLANG_ENABLE_OBJC_WEAK = YES;
				CLANG_WARN_BLOCK_CAPTURE_AUTORELEASING = YES;
				CLANG_WARN_BOOL_CONVERSION = YES;
				CLANG_WARN_COMMA = YES;
				CLANG_WARN_CONSTANT_CONVERSION = YES;
				CLANG_WARN_DEPRECATED_OBJC_IMPLEMENTATIONS = YES;
				CLANG_WARN_DIRECT_OBJC_ISA_USAGE = YES_ERROR;
				CLANG_WARN_DOCUMENTATION_COMMENTS = YES;
				CLANG_WARN_EMPTY_BODY = YES;
				CLANG_WARN_ENUM_CONVERSION = YES;
				CLANG_WARN_INFINITE_RECURSION = YES;
				CLANG_WARN_INT_CONVERSION = YES;
				CLANG_WARN_NON_LITERAL_NULL_CONVERSION = YES;
				CLANG_WARN_OBJC_IMPLICIT_RETAIN_SELF = YES;
				CLANG_WARN_OBJC_LITERAL_CONVERSION = YES;
				CLANG_WARN_OBJC_ROOT_CLASS = YES_ERROR;
				CLANG_WARN_QUOTED_INCLUDE_IN_FRAMEWORK_HEADER = YES;
				CLANG_WARN_RANGE_LOOP_ANALYSIS = YES;
				CLANG_WARN_STRICT_PROTOTYPES = YES;
				CLANG_WARN_SUSPICIOUS_MOVE = YES;
				CLANG_WARN_UNGUARDED_AVAILABILITY = YES_AGGRESSIVE;
				CLANG_WARN_UNREACHABLE_CODE = YES;
				CLANG_WARN__DUPLICATE_METHOD_MATCH = YES;
				COPY_PHASE_STRIP = NO;
				DEBUG_INFORMATION_FORMAT = "dwarf-with-dsym";
				ENABLE_NS_ASSERTIONS = NO;
				ENABLE_STRICT_OBJC_MSGSEND = YES;
				ENABLE_USER_SCRIPT_SANDBOXING = YES;
				GCC_C_LANGUAGE_STANDARD = gnu17;
				GCC_NO_COMMON_BLOCKS = YES;
				GCC_WARN_64_TO_32_BIT_CONVERSION = YES;
				GCC_WARN_ABOUT_RETURN_TYPE = YES_ERROR;
				GCC_WARN_UNDECLARED_SELECTOR = YES;
				GCC_WARN_UNINITIALIZED_AUTOS = YES_AGGRESSIVE;
				GCC_WARN_UNUSED_FUNCTION = YES;
				GCC_WARN_UNUSED_VARIABLE = YES;
				IPHONEOS_DEPLOYMENT_TARGET = 17.5;
				LOCALIZATION_PREFERS_STRING_CATALOGS = YES;
				MTL_ENABLE_DEBUG_INFO = NO;
				MTL_FAST_MATH = YES;
				SDKROOT = iphoneos;
				SWIFT_COMPILATION_MODE = wholemodule;
				VALIDATE_PRODUCT = YES;
			};
			name = Release;
		};
		183D422B2C314A7B00D940F4 /* Debug */ = {
			isa = XCBuildConfiguration;
			buildSettings = {
				ASSETCATALOG_COMPILER_APPICON_NAME = AppIcon;
				ASSETCATALOG_COMPILER_GLOBAL_ACCENT_COLOR_NAME = AccentColor;
				CODE_SIGN_STYLE = Automatic;
				CURRENT_PROJECT_VERSION = 1;
				DEVELOPMENT_TEAM = 7WZJQ7AT83;
				GENERATE_INFOPLIST_FILE = YES;
				INFOPLIST_FILE = PicsumPhotos/Info.plist;
				INFOPLIST_KEY_UIApplicationSupportsIndirectInputEvents = YES;
				INFOPLIST_KEY_UILaunchStoryboardName = LaunchScreen;
				INFOPLIST_KEY_UIMainStoryboardFile = Main;
				INFOPLIST_KEY_UISupportedInterfaceOrientations_iPad = "UIInterfaceOrientationPortrait UIInterfaceOrientationPortraitUpsideDown UIInterfaceOrientationLandscapeLeft UIInterfaceOrientationLandscapeRight";
				INFOPLIST_KEY_UISupportedInterfaceOrientations_iPhone = "UIInterfaceOrientationPortrait UIInterfaceOrientationLandscapeLeft UIInterfaceOrientationLandscapeRight";
				IPHONEOS_DEPLOYMENT_TARGET = 12.0;
				LD_RUNPATH_SEARCH_PATHS = (
					"$(inherited)",
					"@executable_path/Frameworks",
				);
				MARKETING_VERSION = 1.0;
				PRODUCT_BUNDLE_IDENTIFIER = ruchira.sinha.PicsumPhotos;
				PRODUCT_NAME = "$(TARGET_NAME)";
				SWIFT_EMIT_LOC_STRINGS = YES;
				SWIFT_VERSION = 5.0;
				TARGETED_DEVICE_FAMILY = "1,2";
			};
			name = Debug;
		};
		183D422C2C314A7B00D940F4 /* Release */ = {
			isa = XCBuildConfiguration;
			buildSettings = {
				ASSETCATALOG_COMPILER_APPICON_NAME = AppIcon;
				ASSETCATALOG_COMPILER_GLOBAL_ACCENT_COLOR_NAME = AccentColor;
				CODE_SIGN_STYLE = Automatic;
				CURRENT_PROJECT_VERSION = 1;
				DEVELOPMENT_TEAM = 7WZJQ7AT83;
				GENERATE_INFOPLIST_FILE = YES;
				INFOPLIST_FILE = PicsumPhotos/Info.plist;
				INFOPLIST_KEY_UIApplicationSupportsIndirectInputEvents = YES;
				INFOPLIST_KEY_UILaunchStoryboardName = LaunchScreen;
				INFOPLIST_KEY_UIMainStoryboardFile = Main;
				INFOPLIST_KEY_UISupportedInterfaceOrientations_iPad = "UIInterfaceOrientationPortrait UIInterfaceOrientationPortraitUpsideDown UIInterfaceOrientationLandscapeLeft UIInterfaceOrientationLandscapeRight";
				INFOPLIST_KEY_UISupportedInterfaceOrientations_iPhone = "UIInterfaceOrientationPortrait UIInterfaceOrientationLandscapeLeft UIInterfaceOrientationLandscapeRight";
				IPHONEOS_DEPLOYMENT_TARGET = 12.0;
				LD_RUNPATH_SEARCH_PATHS = (
					"$(inherited)",
					"@executable_path/Frameworks",
				);
				MARKETING_VERSION = 1.0;
				PRODUCT_BUNDLE_IDENTIFIER = ruchira.sinha.PicsumPhotos;
				PRODUCT_NAME = "$(TARGET_NAME)";
				SWIFT_EMIT_LOC_STRINGS = YES;
				SWIFT_VERSION = 5.0;
				TARGETED_DEVICE_FAMILY = "1,2";
			};
			name = Release;
		};
/* End XCBuildConfiguration section */

/* Begin XCConfigurationList section */
		183D42112C314A7800D940F4 /* Build configuration list for PBXProject "PicsumPhotos" */ = {
			isa = XCConfigurationList;
			buildConfigurations = (
				183D42282C314A7B00D940F4 /* Debug */,
				183D42292C314A7B00D940F4 /* Release */,
			);
			defaultConfigurationIsVisible = 0;
			defaultConfigurationName = Release;
		};
		183D422A2C314A7B00D940F4 /* Build configuration list for PBXNativeTarget "PicsumPhotos" */ = {
			isa = XCConfigurationList;
			buildConfigurations = (
				183D422B2C314A7B00D940F4 /* Debug */,
				183D422C2C314A7B00D940F4 /* Release */,
			);
			defaultConfigurationIsVisible = 0;
			defaultConfigurationName = Release;
		};
/* End XCConfigurationList section */

/* Begin XCRemoteSwiftPackageReference section */
		183D423F2C3166F100D940F4 /* XCRemoteSwiftPackageReference "Alamofire" */ = {
			isa = XCRemoteSwiftPackageReference;
			repositoryURL = "https://github.com/Alamofire/Alamofire";
			requirement = {
				kind = upToNextMajorVersion;
				minimumVersion = 5.9.1;
			};
		};
		183D42442C31670800D940F4 /* XCRemoteSwiftPackageReference "SDWebImage" */ = {
			isa = XCRemoteSwiftPackageReference;
			repositoryURL = "https://github.com/SDWebImage/SDWebImage";
			requirement = {
				kind = upToNextMajorVersion;
				minimumVersion = 5.19.3;
			};
		};
/* End XCRemoteSwiftPackageReference section */

/* Begin XCSwiftPackageProductDependency section */
		183D42402C3166F100D940F4 /* Alamofire */ = {
			isa = XCSwiftPackageProductDependency;
			package = 183D423F2C3166F100D940F4 /* XCRemoteSwiftPackageReference "Alamofire" */;
			productName = Alamofire;
		};
		183D42422C3166F100D940F4 /* AlamofireDynamic */ = {
			isa = XCSwiftPackageProductDependency;
			package = 183D423F2C3166F100D940F4 /* XCRemoteSwiftPackageReference "Alamofire" */;
			productName = AlamofireDynamic;
		};
		183D42452C31670800D940F4 /* SDWebImage */ = {
			isa = XCSwiftPackageProductDependency;
			package = 183D42442C31670800D940F4 /* XCRemoteSwiftPackageReference "SDWebImage" */;
			productName = SDWebImage;
		};
		183D42472C31670800D940F4 /* SDWebImageMapKit */ = {
			isa = XCSwiftPackageProductDependency;
			package = 183D42442C31670800D940F4 /* XCRemoteSwiftPackageReference "SDWebImage" */;
			productName = SDWebImageMapKit;
		};
/* End XCSwiftPackageProductDependency section */
	};
	rootObject = 183D420E2C314A7800D940F4 /* Project object */;
}
